// !$*UTF8*$!
{
	archiveVersion = 1;
	classes = {
	};
	objectVersion = 55;
	objects = {

/* Begin PBXBuildFile section */
		54A9D26F2827538800F20E26 /* LandmarksApp.swift in Sources */ = {isa = PBXBuildFile; fileRef = 54A9D26E2827538800F20E26 /* LandmarksApp.swift */; };
		54A9D2712827538800F20E26 /* ContentView.swift in Sources */ = {isa = PBXBuildFile; fileRef = 54A9D2702827538800F20E26 /* ContentView.swift */; };
		54A9D2732827538B00F20E26 /* Assets.xcassets in Resources */ = {isa = PBXBuildFile; fileRef = 54A9D2722827538B00F20E26 /* Assets.xcassets */; };
		54A9D2762827538B00F20E26 /* Preview Assets.xcassets in Resources */ = {isa = PBXBuildFile; fileRef = 54A9D2752827538B00F20E26 /* Preview Assets.xcassets */; };
		54A9D27D2827558400F20E26 /* CircleImage.swift in Sources */ = {isa = PBXBuildFile; fileRef = 54A9D27C2827558400F20E26 /* CircleImage.swift */; };
		54A9D27F2827566B00F20E26 /* MapView.swift in Sources */ = {isa = PBXBuildFile; fileRef = 54A9D27E2827566B00F20E26 /* MapView.swift */; };
		54A9D2832827775D00F20E26 /* landmarkData.json in Resources */ = {isa = PBXBuildFile; fileRef = 54A9D2822827775D00F20E26 /* landmarkData.json */; };
		54A9D287282780B800F20E26 /* Landmarks.swift in Sources */ = {isa = PBXBuildFile; fileRef = 54A9D286282780B800F20E26 /* Landmarks.swift */; };
		54A9D289282783D800F20E26 /* ModelData.swift in Sources */ = {isa = PBXBuildFile; fileRef = 54A9D288282783D800F20E26 /* ModelData.swift */; };
		54A9D28E282785DA00F20E26 /* LandmarkRow.swift in Sources */ = {isa = PBXBuildFile; fileRef = 54A9D28D282785DA00F20E26 /* LandmarkRow.swift */; };
		54A9D2902827898F00F20E26 /* LandmarkList.swift in Sources */ = {isa = PBXBuildFile; fileRef = 54A9D28F2827898F00F20E26 /* LandmarkList.swift */; };
		54A9D2922828287800F20E26 /* LandmarkDetail.swift in Sources */ = {isa = PBXBuildFile; fileRef = 54A9D2912828287800F20E26 /* LandmarkDetail.swift */; };
		54D5BA032828A4DC00A771F2 /* FavoriteButton.swift in Sources */ = {isa = PBXBuildFile; fileRef = 54D5BA022828A4DC00A771F2 /* FavoriteButton.swift */; };
/* End PBXBuildFile section */

/* Begin PBXFileReference section */
		54A9D26B2827538800F20E26 /* Landmarks.app */ = {isa = PBXFileReference; explicitFileType = wrapper.application; includeInIndex = 0; path = Landmarks.app; sourceTree = BUILT_PRODUCTS_DIR; };
		54A9D26E2827538800F20E26 /* LandmarksApp.swift */ = {isa = PBXFileReference; lastKnownFileType = sourcecode.swift; path = LandmarksApp.swift; sourceTree = "<group>"; };
		54A9D2702827538800F20E26 /* ContentView.swift */ = {isa = PBXFileReference; lastKnownFileType = sourcecode.swift; path = ContentView.swift; sourceTree = "<group>"; };
		54A9D2722827538B00F20E26 /* Assets.xcassets */ = {isa = PBXFileReference; lastKnownFileType = folder.assetcatalog; path = Assets.xcassets; sourceTree = "<group>"; };
		54A9D2752827538B00F20E26 /* Preview Assets.xcassets */ = {isa = PBXFileReference; lastKnownFileType = folder.assetcatalog; path = "Preview Assets.xcassets"; sourceTree = "<group>"; };
		54A9D27C2827558400F20E26 /* CircleImage.swift */ = {isa = PBXFileReference; lastKnownFileType = sourcecode.swift; path = CircleImage.swift; sourceTree = "<group>"; };
		54A9D27E2827566B00F20E26 /* MapView.swift */ = {isa = PBXFileReference; lastKnownFileType = sourcecode.swift; path = MapView.swift; sourceTree = "<group>"; };
		54A9D2822827775D00F20E26 /* landmarkData.json */ = {isa = PBXFileReference; fileEncoding = 4; lastKnownFileType = text.json; path = landmarkData.json; sourceTree = "<group>"; };
		54A9D286282780B800F20E26 /* Landmarks.swift */ = {isa = PBXFileReference; lastKnownFileType = sourcecode.swift; path = Landmarks.swift; sourceTree = "<group>"; };
		54A9D288282783D800F20E26 /* ModelData.swift */ = {isa = PBXFileReference; lastKnownFileType = sourcecode.swift; path = ModelData.swift; sourceTree = "<group>"; };
		54A9D28D282785DA00F20E26 /* LandmarkRow.swift */ = {isa = PBXFileReference; lastKnownFileType = sourcecode.swift; path = LandmarkRow.swift; sourceTree = "<group>"; };
		54A9D28F2827898F00F20E26 /* LandmarkList.swift */ = {isa = PBXFileReference; lastKnownFileType = sourcecode.swift; path = LandmarkList.swift; sourceTree = "<group>"; };
		54A9D2912828287800F20E26 /* LandmarkDetail.swift */ = {isa = PBXFileReference; lastKnownFileType = sourcecode.swift; path = LandmarkDetail.swift; sourceTree = "<group>"; };
		54D5BA022828A4DC00A771F2 /* FavoriteButton.swift */ = {isa = PBXFileReference; lastKnownFileType = sourcecode.swift; path = FavoriteButton.swift; sourceTree = "<group>"; };
/* End PBXFileReference section */

/* Begin PBXFrameworksBuildPhase section */
		54A9D2682827538800F20E26 /* Frameworks */ = {
			isa = PBXFrameworksBuildPhase;
			buildActionMask = 2147483647;
			files = (
			);
			runOnlyForDeploymentPostprocessing = 0;
		};
/* End PBXFrameworksBuildPhase section */

/* Begin PBXGroup section */
		54A9D2622827538800F20E26 = {
			isa = PBXGroup;
			children = (
				54A9D26D2827538800F20E26 /* Landmarks */,
				54A9D26C2827538800F20E26 /* Products */,
			);
			sourceTree = "<group>";
		};
		54A9D26C2827538800F20E26 /* Products */ = {
			isa = PBXGroup;
			children = (
				54A9D26B2827538800F20E26 /* Landmarks.app */,
			);
			name = Products;
			sourceTree = "<group>";
		};
		54A9D26D2827538800F20E26 /* Landmarks */ = {
			isa = PBXGroup;
			children = (
				54A9D28C282785A100F20E26 /* Models */,
				54A9D28B2827859500F20E26 /* Resources */,
				54A9D28A2827856B00F20E26 /* Views */,
				54A9D26E2827538800F20E26 /* LandmarksApp.swift */,
				54A9D2722827538B00F20E26 /* Assets.xcassets */,
				54A9D2742827538B00F20E26 /* Preview Content */,
			);
			path = Landmarks;
			sourceTree = "<group>";
		};
		54A9D2742827538B00F20E26 /* Preview Content */ = {
			isa = PBXGroup;
			children = (
				54A9D2752827538B00F20E26 /* Preview Assets.xcassets */,
			);
			path = "Preview Content";
			sourceTree = "<group>";
		};
		54A9D28A2827856B00F20E26 /* Views */ = {
			isa = PBXGroup;
			children = (
				54D5BA052828A5E300A771F2 /* Landmarks */,
				54D5BA042828A5D700A771F2 /* Helpers */,
				54A9D2702827538800F20E26 /* ContentView.swift */,
			);
			path = Views;
			sourceTree = "<group>";
		};
		54A9D28B2827859500F20E26 /* Resources */ = {
			isa = PBXGroup;
			children = (
				54A9D2822827775D00F20E26 /* landmarkData.json */,
			);
			path = Resources;
			sourceTree = "<group>";
		};
		54A9D28C282785A100F20E26 /* Models */ = {
			isa = PBXGroup;
			children = (
				54A9D286282780B800F20E26 /* Landmarks.swift */,
				54A9D288282783D800F20E26 /* ModelData.swift */,
			);
			path = Models;
			sourceTree = "<group>";
		};
		54D5BA042828A5D700A771F2 /* Helpers */ = {
			isa = PBXGroup;
			children = (
				54A9D27C2827558400F20E26 /* CircleImage.swift */,
				54A9D27E2827566B00F20E26 /* MapView.swift */,
				54D5BA022828A4DC00A771F2 /* FavoriteButton.swift */,
			);
			path = Helpers;
			sourceTree = "<group>";
		};
		54D5BA052828A5E300A771F2 /* Landmarks */ = {
			isa = PBXGroup;
			children = (
				54A9D28D282785DA00F20E26 /* LandmarkRow.swift */,
				54A9D28F2827898F00F20E26 /* LandmarkList.swift */,
				54A9D2912828287800F20E26 /* LandmarkDetail.swift */,
			);
			path = Landmarks;
			sourceTree = "<group>";
		};
/* End PBXGroup section */

/* Begin PBXNativeTarget section */
		54A9D26A2827538800F20E26 /* Landmarks */ = {
			isa = PBXNativeTarget;
			buildConfigurationList = 54A9D2792827538B00F20E26 /* Build configuration list for PBXNativeTarget "Landmarks" */;
			buildPhases = (
				54A9D2672827538800F20E26 /* Sources */,
				54A9D2682827538800F20E26 /* Frameworks */,
				54A9D2692827538800F20E26 /* Resources */,
			);
			buildRules = (
			);
			dependencies = (
			);
			name = Landmarks;
			productName = Landmarks;
			productReference = 54A9D26B2827538800F20E26 /* Landmarks.app */;
			productType = "com.apple.product-type.application";
		};
/* End PBXNativeTarget section */

/* Begin PBXProject section */
		54A9D2632827538800F20E26 /* Project object */ = {
			isa = PBXProject;
			attributes = {
				BuildIndependentTargetsInParallel = 1;
				LastSwiftUpdateCheck = 1320;
				LastUpgradeCheck = 1320;
				TargetAttributes = {
					54A9D26A2827538800F20E26 = {
						CreatedOnToolsVersion = 13.2.1;
					};
				};
			};
			buildConfigurationList = 54A9D2662827538800F20E26 /* Build configuration list for PBXProject "Landmarks" */;
			compatibilityVersion = "Xcode 13.0";
			developmentRegion = en;
			hasScannedForEncodings = 0;
			knownRegions = (
				en,
				Base,
			);
			mainGroup = 54A9D2622827538800F20E26;
			productRefGroup = 54A9D26C2827538800F20E26 /* Products */;
			projectDirPath = "";
			projectRoot = "";
			targets = (
				54A9D26A2827538800F20E26 /* Landmarks */,
			);
		};
/* End PBXProject section */

/* Begin PBXResourcesBuildPhase section */
		54A9D2692827538800F20E26 /* Resources */ = {
			isa = PBXResourcesBuildPhase;
			buildActionMask = 2147483647;
			files = (
				54A9D2762827538B00F20E26 /* Preview Assets.xcassets in Resources */,
				54A9D2832827775D00F20E26 /* landmarkData.json in Resources */,
				54A9D2732827538B00F20E26 /* Assets.xcassets in Resources */,
			);
			runOnlyForDeploymentPostprocessing = 0;
		};
/* End PBXResourcesBuildPhase section */

/* Begin PBXSourcesBuildPhase section */
		54A9D2672827538800F20E26 /* Sources */ = {
			isa = PBXSourcesBuildPhase;
			buildActionMask = 2147483647;
			files = (
				54A9D2712827538800F20E26 /* ContentView.swift in Sources */,
				54A9D27F2827566B00F20E26 /* MapView.swift in Sources */,
				54A9D26F2827538800F20E26 /* LandmarksApp.swift in Sources */,
				54D5BA032828A4DC00A771F2 /* FavoriteButton.swift in Sources */,
				54A9D2902827898F00F20E26 /* LandmarkList.swift in Sources */,
				54A9D2922828287800F20E26 /* LandmarkDetail.swift in Sources */,
				54A9D287282780B800F20E26 /* Landmarks.swift in Sources */,
				54A9D27D2827558400F20E26 /* CircleImage.swift in Sources */,
				54A9D28E282785DA00F20E26 /* LandmarkRow.swift in Sources */,
				54A9D289282783D800F20E26 /* ModelData.swift in Sources */,
			);
			runOnlyForDeploymentPostprocessing = 0;
		};
/* End PBXSourcesBuildPhase section */

/* Begin XCBuildConfiguration section */
		54A9D2772827538B00F20E26 /* Debug */ = {
			isa = XCBuildConfiguration;
			buildSettings = {
				ALWAYS_SEARCH_USER_PATHS = NO;
				CLANG_ANALYZER_NONNULL = YES;
				CLANG_ANALYZER_NUMBER_OBJECT_CONVERSION = YES_AGGRESSIVE;
				CLANG_CXX_LANGUAGE_STANDARD = "gnu++17";
				CLANG_CXX_LIBRARY = "libc++";
				CLANG_ENABLE_MODULES = YES;
				CLANG_ENABLE_OBJC_ARC = YES;
				CLANG_ENABLE_OBJC_WEAK = YES;
				CLANG_WARN_BLOCK_CAPTURE_AUTORELEASING = YES;
				CLANG_WARN_BOOL_CONVERSION = YES;
				CLANG_WARN_COMMA = YES;
				CLANG_WARN_CONSTANT_CONVERSION = YES;
				CLANG_WARN_DEPRECATED_OBJC_IMPLEMENTATIONS = YES;
				CLANG_WARN_DIRECT_OBJC_ISA_USAGE = YES_ERROR;
				CLANG_WARN_DOCUMENTATION_COMMENTS = YES;
				CLANG_WARN_EMPTY_BODY = YES;
				CLANG_WARN_ENUM_CONVERSION = YES;
				CLANG_WARN_INFINITE_RECURSION = YES;
				CLANG_WARN_INT_CONVERSION = YES;
				CLANG_WARN_NON_LITERAL_NULL_CONVERSION = YES;
				CLANG_WARN_OBJC_IMPLICIT_RETAIN_SELF = YES;
				CLANG_WARN_OBJC_LITERAL_CONVERSION = YES;
				CLANG_WARN_OBJC_ROOT_CLASS = YES_ERROR;
				CLANG_WARN_QUOTED_INCLUDE_IN_FRAMEWORK_HEADER = YES;
				CLANG_WARN_RANGE_LOOP_ANALYSIS = YES;
				CLANG_WARN_STRICT_PROTOTYPES = YES;
				CLANG_WARN_SUSPICIOUS_MOVE = YES;
				CLANG_WARN_UNGUARDED_AVAILABILITY = YES_AGGRESSIVE;
				CLANG_WARN_UNREACHABLE_CODE = YES;
				CLANG_WARN__DUPLICATE_METHOD_MATCH = YES;
				COPY_PHASE_STRIP = NO;
				DEBUG_INFORMATION_FORMAT = dwarf;
				ENABLE_STRICT_OBJC_MSGSEND = YES;
				ENABLE_TESTABILITY = YES;
				GCC_C_LANGUAGE_STANDARD = gnu11;
				GCC_DYNAMIC_NO_PIC = NO;
				GCC_NO_COMMON_BLOCKS = YES;
				GCC_OPTIMIZATION_LEVEL = 0;
				GCC_PREPROCESSOR_DEFINITIONS = (
					"DEBUG=1",
					"$(inherited)",
				);
				GCC_WARN_64_TO_32_BIT_CONVERSION = YES;
				GCC_WARN_ABOUT_RETURN_TYPE = YES_ERROR;
				GCC_WARN_UNDECLARED_SELECTOR = YES;
				GCC_WARN_UNINITIALIZED_AUTOS = YES_AGGRESSIVE;
				GCC_WARN_UNUSED_FUNCTION = YES;
				GCC_WARN_UNUSED_VARIABLE = YES;
				IPHONEOS_DEPLOYMENT_TARGET = 15.2;
				MTL_ENABLE_DEBUG_INFO = INCLUDE_SOURCE;
				MTL_FAST_MATH = YES;
				ONLY_ACTIVE_ARCH = YES;
				SDKROOT = iphoneos;
				SWIFT_ACTIVE_COMPILATION_CONDITIONS = DEBUG;
				SWIFT_OPTIMIZATION_LEVEL = "-Onone";
			};
			name = Debug;
		};
		54A9D2782827538B00F20E26 /* Release */ = {
			isa = XCBuildConfiguration;
			buildSettings = {
				ALWAYS_SEARCH_USER_PATHS = NO;
				CLANG_ANALYZER_NONNULL = YES;
				CLANG_ANALYZER_NUMBER_OBJECT_CONVERSION = YES_AGGRESSIVE;
				CLANG_CXX_LANGUAGE_STANDARD = "gnu++17";
				CLANG_CXX_LIBRARY = "libc++";
				CLANG_ENABLE_MODULES = YES;
				CLANG_ENABLE_OBJC_ARC = YES;
				CLANG_ENABLE_OBJC_WEAK = YES;
				CLANG_WARN_BLOCK_CAPTURE_AUTORELEASING = YES;
				CLANG_WARN_BOOL_CONVERSION = YES;
				CLANG_WARN_COMMA = YES;
				CLANG_WARN_CONSTANT_CONVERSION = YES;
				CLANG_WARN_DEPRECATED_OBJC_IMPLEMENTATIONS = YES;
				CLANG_WARN_DIRECT_OBJC_ISA_USAGE = YES_ERROR;
				CLANG_WARN_DOCUMENTATION_COMMENTS = YES;
				CLANG_WARN_EMPTY_BODY = YES;
				CLANG_WARN_ENUM_CONVERSION = YES;
				CLANG_WARN_INFINITE_RECURSION = YES;
				CLANG_WARN_INT_CONVERSION = YES;
				CLANG_WARN_NON_LITERAL_NULL_CONVERSION = YES;
				CLANG_WARN_OBJC_IMPLICIT_RETAIN_SELF = YES;
				CLANG_WARN_OBJC_LITERAL_CONVERSION = YES;
				CLANG_WARN_OBJC_ROOT_CLASS = YES_ERROR;
				CLANG_WARN_QUOTED_INCLUDE_IN_FRAMEWORK_HEADER = YES;
				CLANG_WARN_RANGE_LOOP_ANALYSIS = YES;
				CLANG_WARN_STRICT_PROTOTYPES = YES;
				CLANG_WARN_SUSPICIOUS_MOVE = YES;
				CLANG_WARN_UNGUARDED_AVAILABILITY = YES_AGGRESSIVE;
				CLANG_WARN_UNREACHABLE_CODE = YES;
				CLANG_WARN__DUPLICATE_METHOD_MATCH = YES;
				COPY_PHASE_STRIP = NO;
				DEBUG_INFORMATION_FORMAT = "dwarf-with-dsym";
				ENABLE_NS_ASSERTIONS = NO;
				ENABLE_STRICT_OBJC_MSGSEND = YES;
				GCC_C_LANGUAGE_STANDARD = gnu11;
				GCC_NO_COMMON_BLOCKS = YES;
				GCC_WARN_64_TO_32_BIT_CONVERSION = YES;
				GCC_WARN_ABOUT_RETURN_TYPE = YES_ERROR;
				GCC_WARN_UNDECLARED_SELECTOR = YES;
				GCC_WARN_UNINITIALIZED_AUTOS = YES_AGGRESSIVE;
				GCC_WARN_UNUSED_FUNCTION = YES;
				GCC_WARN_UNUSED_VARIABLE = YES;
				IPHONEOS_DEPLOYMENT_TARGET = 15.2;
				MTL_ENABLE_DEBUG_INFO = NO;
				MTL_FAST_MATH = YES;
				SDKROOT = iphoneos;
				SWIFT_COMPILATION_MODE = wholemodule;
				SWIFT_OPTIMIZATION_LEVEL = "-O";
				VALIDATE_PRODUCT = YES;
			};
			name = Release;
		};
		54A9D27A2827538B00F20E26 /* Debug */ = {
			isa = XCBuildConfiguration;
			buildSettings = {
				ASSETCATALOG_COMPILER_APPICON_NAME = AppIcon;
				ASSETCATALOG_COMPILER_GLOBAL_ACCENT_COLOR_NAME = AccentColor;
				CODE_SIGN_STYLE = Automatic;
				CURRENT_PROJECT_VERSION = 1;
				DEVELOPMENT_ASSET_PATHS = "\"Landmarks/Preview Content\"";
				DEVELOPMENT_TEAM = 9U9JL6C7C2;
				ENABLE_PREVIEWS = YES;
				GENERATE_INFOPLIST_FILE = YES;
				INFOPLIST_KEY_UIApplicationSceneManifest_Generation = YES;
				INFOPLIST_KEY_UIApplicationSupportsIndirectInputEvents = YES;
				INFOPLIST_KEY_UILaunchScreen_Generation = YES;
				INFOPLIST_KEY_UISupportedInterfaceOrientations_iPad = "UIInterfaceOrientationPortrait UIInterfaceOrientationPortraitUpsideDown UIInterfaceOrientationLandscapeLeft UIInterfaceOrientationLandscapeRight";
				INFOPLIST_KEY_UISupportedInterfaceOrientations_iPhone = "UIInterfaceOrientationPortrait UIInterfaceOrientationLandscapeLeft UIInterfaceOrientationLandscapeRight";
				LD_RUNPATH_SEARCH_PATHS = (
					"$(inherited)",
					"@executable_path/Frameworks",
				);
				MARKETING_VERSION = 1.0;
				PRODUCT_BUNDLE_IDENTIFIER = com.dimitripierrelouis.Landmarks;
				PRODUCT_NAME = "$(TARGET_NAME)";
				SWIFT_EMIT_LOC_STRINGS = YES;
				SWIFT_VERSION = 5.0;
				TARGETED_DEVICE_FAMILY = "1,2";
			};
			name = Debug;
		};
		54A9D27B2827538B00F20E26 /* Release */ = {
			isa = XCBuildConfiguration;
			buildSettings = {
				ASSETCATALOG_COMPILER_APPICON_NAME = AppIcon;
				ASSETCATALOG_COMPILER_GLOBAL_ACCENT_COLOR_NAME = AccentColor;
				CODE_SIGN_STYLE = Automatic;
				CURRENT_PROJECT_VERSION = 1;
				DEVELOPMENT_ASSET_PATHS = "\"Landmarks/Preview Content\"";
				DEVELOPMENT_TEAM = 9U9JL6C7C2;
				ENABLE_PREVIEWS = YES;
				GENERATE_INFOPLIST_FILE = YES;
				INFOPLIST_KEY_UIApplicationSceneManifest_Generation = YES;
				INFOPLIST_KEY_UIApplicationSupportsIndirectInputEvents = YES;
				INFOPLIST_KEY_UILaunchScreen_Generation = YES;
				INFOPLIST_KEY_UISupportedInterfaceOrientations_iPad = "UIInterfaceOrientationPortrait UIInterfaceOrientationPortraitUpsideDown UIInterfaceOrientationLandscapeLeft UIInterfaceOrientationLandscapeRight";
				INFOPLIST_KEY_UISupportedInterfaceOrientations_iPhone = "UIInterfaceOrientationPortrait UIInterfaceOrientationLandscapeLeft UIInterfaceOrientationLandscapeRight";
				LD_RUNPATH_SEARCH_PATHS = (
					"$(inherited)",
					"@executable_path/Frameworks",
				);
				MARKETING_VERSION = 1.0;
				PRODUCT_BUNDLE_IDENTIFIER = com.dimitripierrelouis.Landmarks;
				PRODUCT_NAME = "$(TARGET_NAME)";
				SWIFT_EMIT_LOC_STRINGS = YES;
				SWIFT_VERSION = 5.0;
				TARGETED_DEVICE_FAMILY = "1,2";
			};
			name = Release;
		};
/* End XCBuildConfiguration section */

/* Begin XCConfigurationList section */
		54A9D2662827538800F20E26 /* Build configuration list for PBXProject "Landmarks" */ = {
			isa = XCConfigurationList;
			buildConfigurations = (
				54A9D2772827538B00F20E26 /* Debug */,
				54A9D2782827538B00F20E26 /* Release */,
			);
			defaultConfigurationIsVisible = 0;
			defaultConfigurationName = Release;
		};
		54A9D2792827538B00F20E26 /* Build configuration list for PBXNativeTarget "Landmarks" */ = {
			isa = XCConfigurationList;
			buildConfigurations = (
				54A9D27A2827538B00F20E26 /* Debug */,
				54A9D27B2827538B00F20E26 /* Release */,
			);
			defaultConfigurationIsVisible = 0;
			defaultConfigurationName = Release;
		};
/* End XCConfigurationList section */
	};
	rootObject = 54A9D2632827538800F20E26 /* Project object */;
}
